
Microsoft Visual Studio Solution File, Format Version 12.00
# Visual Studio Version 16
VisualStudioVersion = 16.0.29409.12
MinimumVisualStudioVersion = 10.0.40219.1
Project("{FAE04EC0-301F-11D3-BF4B-00C04F79EFBC}") = "LoginWithFacebook", "LoginWithFacebook.csproj", "{C0A9A841-7516-4475-87F6-3F567D1236D4}"
EndProject
Global
	GlobalSection(SolutionConfigurationPlatforms) = preSolution
		Debug|Any CPU = Debug|Any CPU
		Release|Any CPU = Release|Any CPU
	EndGlobalSection
	GlobalSection(ProjectConfigurationPlatforms) = postSolution
		{C0A9A841-7516-4475-87F6-3F567D1236D4}.Debug|Any CPU.ActiveCfg = Debug|Any CPU
		{C0A9A841-7516-4475-87F6-3F567D1236D4}.Debug|Any CPU.Build.0 = Debug|Any CPU
		{C0A9A841-7516-4475-87F6-3F567D1236D4}.Debug|Any CPU.Deploy.0 = Debug|Any CPU
		{C0A9A841-7516-4475-87F6-3F567D1236D4}.Release|Any CPU.ActiveCfg = Release|Any CPU
		{C0A9A841-7516-4475-87F6-3F567D1236D4}.Release|Any CPU.Build.0 = Release|Any CPU
		{C0A9A841-7516-4475-87F6-3F567D1236D4}.Release|Any CPU.Deploy.0 = Release|Any CPU
	EndGlobalSection
	GlobalSection(SolutionProperties) = preSolution
		HideSolutionNode = FALSE
	EndGlobalSection
	GlobalSection(ExtensibilityGlobals) = postSolution
		SolutionGuid = {E8BD27FE-21A8-4ECC-875C-BB5D0E41EFA3}
	EndGlobalSection
EndGlobal
